
<<<<<<< HEAD
Microsoft Visual Studio Solution File, Format Version 11.00
# Visual Studio 2010
Project("{FAE04EC0-301F-11D3-BF4B-00C04F79EFBC}") = "Rage-Race", "Assembly-CSharp.csproj", "{E8DA06DD-4FC7-87EC-3CB5-0FD1EEE0051E}"
EndProject
Project("{FAE04EC0-301F-11D3-BF4B-00C04F79EFBC}") = "Rage-Race", "Assembly-CSharp-firstpass.csproj", "{55CB3C5E-F0BB-C676-167E-7FECACBE0C97}"
EndProject
Project("{FAE04EC0-301F-11D3-BF4B-00C04F79EFBC}") = "Rage-Race", "Assembly-CSharp-Editor.csproj", "{1385DB24-1791-1509-4961-F6A676D2E753}"
=======
Microsoft Visual Studio Solution File, Format Version 12.00
# Visual Studio 2017
Project("{FAE04EC0-301F-11D3-BF4B-00C04F79EFBC}") = "Rage-Race", "Rage-Race.csproj", "{BCD4CBB8-457B-F368-EEBD-827FFDD8D6AD}"
EndProject
Project("{FAE04EC0-301F-11D3-BF4B-00C04F79EFBC}") = "Rage-Race.Plugins", "Rage-Race.Plugins.csproj", "{E6D71289-3AE1-D08C-4FFE-75919BBCC810}"
EndProject
Project("{FAE04EC0-301F-11D3-BF4B-00C04F79EFBC}") = "Rage-Race.Editor", "Rage-Race.Editor.csproj", "{4109D881-579F-49F8-CA10-D4876DD4ED2F}"
>>>>>>> 48c1efe9efa3422d6903aa704054560f8b836de8
EndProject
Global
	GlobalSection(SolutionConfigurationPlatforms) = preSolution
		Debug|Any CPU = Debug|Any CPU
		Release|Any CPU = Release|Any CPU
	EndGlobalSection
	GlobalSection(ProjectConfigurationPlatforms) = postSolution
<<<<<<< HEAD
		{E8DA06DD-4FC7-87EC-3CB5-0FD1EEE0051E}.Debug|Any CPU.ActiveCfg = Debug|Any CPU
		{E8DA06DD-4FC7-87EC-3CB5-0FD1EEE0051E}.Debug|Any CPU.Build.0 = Debug|Any CPU
		{E8DA06DD-4FC7-87EC-3CB5-0FD1EEE0051E}.Release|Any CPU.ActiveCfg = Release|Any CPU
		{E8DA06DD-4FC7-87EC-3CB5-0FD1EEE0051E}.Release|Any CPU.Build.0 = Release|Any CPU
		{55CB3C5E-F0BB-C676-167E-7FECACBE0C97}.Debug|Any CPU.ActiveCfg = Debug|Any CPU
		{55CB3C5E-F0BB-C676-167E-7FECACBE0C97}.Debug|Any CPU.Build.0 = Debug|Any CPU
		{55CB3C5E-F0BB-C676-167E-7FECACBE0C97}.Release|Any CPU.ActiveCfg = Release|Any CPU
		{55CB3C5E-F0BB-C676-167E-7FECACBE0C97}.Release|Any CPU.Build.0 = Release|Any CPU
		{1385DB24-1791-1509-4961-F6A676D2E753}.Debug|Any CPU.ActiveCfg = Debug|Any CPU
		{1385DB24-1791-1509-4961-F6A676D2E753}.Debug|Any CPU.Build.0 = Debug|Any CPU
		{1385DB24-1791-1509-4961-F6A676D2E753}.Release|Any CPU.ActiveCfg = Release|Any CPU
		{1385DB24-1791-1509-4961-F6A676D2E753}.Release|Any CPU.Build.0 = Release|Any CPU
=======
		{BCD4CBB8-457B-F368-EEBD-827FFDD8D6AD}.Debug|Any CPU.ActiveCfg = Debug|Any CPU
		{BCD4CBB8-457B-F368-EEBD-827FFDD8D6AD}.Debug|Any CPU.Build.0 = Debug|Any CPU
		{BCD4CBB8-457B-F368-EEBD-827FFDD8D6AD}.Release|Any CPU.ActiveCfg = Release|Any CPU
		{BCD4CBB8-457B-F368-EEBD-827FFDD8D6AD}.Release|Any CPU.Build.0 = Release|Any CPU
		{E6D71289-3AE1-D08C-4FFE-75919BBCC810}.Debug|Any CPU.ActiveCfg = Debug|Any CPU
		{E6D71289-3AE1-D08C-4FFE-75919BBCC810}.Debug|Any CPU.Build.0 = Debug|Any CPU
		{E6D71289-3AE1-D08C-4FFE-75919BBCC810}.Release|Any CPU.ActiveCfg = Release|Any CPU
		{E6D71289-3AE1-D08C-4FFE-75919BBCC810}.Release|Any CPU.Build.0 = Release|Any CPU
		{4109D881-579F-49F8-CA10-D4876DD4ED2F}.Debug|Any CPU.ActiveCfg = Debug|Any CPU
		{4109D881-579F-49F8-CA10-D4876DD4ED2F}.Debug|Any CPU.Build.0 = Debug|Any CPU
		{4109D881-579F-49F8-CA10-D4876DD4ED2F}.Release|Any CPU.ActiveCfg = Release|Any CPU
		{4109D881-579F-49F8-CA10-D4876DD4ED2F}.Release|Any CPU.Build.0 = Release|Any CPU
>>>>>>> 48c1efe9efa3422d6903aa704054560f8b836de8
	EndGlobalSection
	GlobalSection(SolutionProperties) = preSolution
		HideSolutionNode = FALSE
	EndGlobalSection
EndGlobal
